
Microsoft Visual Studio Solution File, Format Version 12.00
# Visual Studio 2012
Project("{FAE04EC0-301F-11D3-BF4B-00C04F79EFBC}") = "Understanding-and-creating-classes", "Understanding-and-creating-classes\Understanding-and-creating-classes.csproj", "{C03BB541-68DB-4ECB-95DE-CDDF5B491651}"
EndProject
Global
	GlobalSection(SolutionConfigurationPlatforms) = preSolution
		Debug|x86 = Debug|x86
		Release|x86 = Release|x86
	EndGlobalSection
	GlobalSection(ProjectConfigurationPlatforms) = postSolution
		{C03BB541-68DB-4ECB-95DE-CDDF5B491651}.Debug|x86.ActiveCfg = Debug|x86
		{C03BB541-68DB-4ECB-95DE-CDDF5B491651}.Debug|x86.Build.0 = Debug|x86
		{C03BB541-68DB-4ECB-95DE-CDDF5B491651}.Release|x86.ActiveCfg = Release|x86
		{C03BB541-68DB-4ECB-95DE-CDDF5B491651}.Release|x86.Build.0 = Release|x86
	EndGlobalSection
EndGlobal
